
Microsoft Visual Studio Solution File, Format Version 12.00
# Visual Studio 15
VisualStudioVersion = 15.0.26730.15
MinimumVisualStudioVersion = 10.0.40219.1
Project("{8BC9CEB8-8B4A-11D0-8D11-00A0C91BC942}") = "alone_chapter2", "alone_chapter2\alone_chapter2.vcxproj", "{CEEF3BD2-09E7-40FD-A9EF-D099489AAE18}"
EndProject
Global
	GlobalSection(SolutionConfigurationPlatforms) = preSolution
		Debug|x64 = Debug|x64
		Debug|x86 = Debug|x86
		Release|x64 = Release|x64
		Release|x86 = Release|x86
	EndGlobalSection
	GlobalSection(ProjectConfigurationPlatforms) = postSolution
		{CEEF3BD2-09E7-40FD-A9EF-D099489AAE18}.Debug|x64.ActiveCfg = Debug|x64
		{CEEF3BD2-09E7-40FD-A9EF-D099489AAE18}.Debug|x64.Build.0 = Debug|x64
		{CEEF3BD2-09E7-40FD-A9EF-D099489AAE18}.Debug|x86.ActiveCfg = Debug|Win32
		{CEEF3BD2-09E7-40FD-A9EF-D099489AAE18}.Debug|x86.Build.0 = Debug|Win32
		{CEEF3BD2-09E7-40FD-A9EF-D099489AAE18}.Release|x64.ActiveCfg = Release|x64
		{CEEF3BD2-09E7-40FD-A9EF-D099489AAE18}.Release|x64.Build.0 = Release|x64
		{CEEF3BD2-09E7-40FD-A9EF-D099489AAE18}.Release|x86.ActiveCfg = Release|Win32
		{CEEF3BD2-09E7-40FD-A9EF-D099489AAE18}.Release|x86.Build.0 = Release|Win32
	EndGlobalSection
	GlobalSection(SolutionProperties) = preSolution
		HideSolutionNode = FALSE
	EndGlobalSection
	GlobalSection(ExtensibilityGlobals) = postSolution
		SolutionGuid = {C4469537-AA2D-477A-8875-87827F364265}
	EndGlobalSection
EndGlobal
